
Microsoft Visual Studio Solution File, Format Version 12.00
# Visual Studio Version 17
VisualStudioVersion = 17.8.34322.80
MinimumVisualStudioVersion = 10.0.40219.1
Project("{FAE04EC0-301F-11D3-BF4B-00C04F79EFBC}") = "MauiAssignment7", "MauiAssignment7\MauiAssignment7.csproj", "{A7F5D382-98B9-4209-B788-A2866225589F}"
EndProject
Global
	GlobalSection(SolutionConfigurationPlatforms) = preSolution
		Debug|Any CPU = Debug|Any CPU
		Release|Any CPU = Release|Any CPU
	EndGlobalSection
	GlobalSection(ProjectConfigurationPlatforms) = postSolution
		{A7F5D382-98B9-4209-B788-A2866225589F}.Debug|Any CPU.ActiveCfg = Debug|Any CPU
		{A7F5D382-98B9-4209-B788-A2866225589F}.Debug|Any CPU.Build.0 = Debug|Any CPU
		{A7F5D382-98B9-4209-B788-A2866225589F}.Debug|Any CPU.Deploy.0 = Debug|Any CPU
		{A7F5D382-98B9-4209-B788-A2866225589F}.Release|Any CPU.ActiveCfg = Release|Any CPU
		{A7F5D382-98B9-4209-B788-A2866225589F}.Release|Any CPU.Build.0 = Release|Any CPU
		{A7F5D382-98B9-4209-B788-A2866225589F}.Release|Any CPU.Deploy.0 = Release|Any CPU
	EndGlobalSection
	GlobalSection(SolutionProperties) = preSolution
		HideSolutionNode = FALSE
	EndGlobalSection
	GlobalSection(ExtensibilityGlobals) = postSolution
		SolutionGuid = {26FBC39F-4D19-40E0-96D2-93866D921CD2}
	EndGlobalSection
EndGlobal
